
Microsoft Visual Studio Solution File, Format Version 12.00
# Visual Studio Version 17
VisualStudioVersion = 17.3.32929.385
MinimumVisualStudioVersion = 10.0.40219.1
Project("{9A19103F-16F7-4668-BE54-9A1E7A4F7556}") = "GroundRentAddressGenerator", "GroundRentAddressGenerator\GroundRentAddressGenerator.csproj", "{DF90B668-2A24-4A6D-B719-4FD081897841}"
EndProject
Project("{9A19103F-16F7-4668-BE54-9A1E7A4F7556}") = "DataLibrary", "DataLibrary\DataLibrary.csproj", "{21661FAC-AE39-45EF-98A0-B5EDF2DE8E7F}"
EndProject
Project("{2150E333-8FDC-42A3-9474-1A3956D46DE8}") = "Solution Items", "Solution Items", "{BF2503CD-4245-4D7F-B730-E01E9E4B136E}"
	ProjectSection(SolutionItems) = preProject
		.editorconfig = .editorconfig
	EndProjectSection
EndProject
Project("{00D1A9C2-B5F0-4AF3-8072-F6C62B433612}") = "GroundRentAddressGeneratorDb", "GroundRentAddressGeneratorDb\GroundRentAddressGeneratorDb.sqlproj", "{79693B15-E6CD-4CFF-9865-2B1BE90CB7EC}"
EndProject
Global
	GlobalSection(SolutionConfigurationPlatforms) = preSolution
		Debug|Any CPU = Debug|Any CPU
		Release|Any CPU = Release|Any CPU
	EndGlobalSection
	GlobalSection(ProjectConfigurationPlatforms) = postSolution
		{DF90B668-2A24-4A6D-B719-4FD081897841}.Debug|Any CPU.ActiveCfg = Debug|Any CPU
		{DF90B668-2A24-4A6D-B719-4FD081897841}.Debug|Any CPU.Build.0 = Debug|Any CPU
		{DF90B668-2A24-4A6D-B719-4FD081897841}.Release|Any CPU.ActiveCfg = Release|Any CPU
		{DF90B668-2A24-4A6D-B719-4FD081897841}.Release|Any CPU.Build.0 = Release|Any CPU
		{21661FAC-AE39-45EF-98A0-B5EDF2DE8E7F}.Debug|Any CPU.ActiveCfg = Debug|Any CPU
		{21661FAC-AE39-45EF-98A0-B5EDF2DE8E7F}.Debug|Any CPU.Build.0 = Debug|Any CPU
		{21661FAC-AE39-45EF-98A0-B5EDF2DE8E7F}.Release|Any CPU.ActiveCfg = Release|Any CPU
		{21661FAC-AE39-45EF-98A0-B5EDF2DE8E7F}.Release|Any CPU.Build.0 = Release|Any CPU
		{79693B15-E6CD-4CFF-9865-2B1BE90CB7EC}.Debug|Any CPU.ActiveCfg = Debug|Any CPU
		{79693B15-E6CD-4CFF-9865-2B1BE90CB7EC}.Debug|Any CPU.Build.0 = Debug|Any CPU
		{79693B15-E6CD-4CFF-9865-2B1BE90CB7EC}.Debug|Any CPU.Deploy.0 = Debug|Any CPU
		{79693B15-E6CD-4CFF-9865-2B1BE90CB7EC}.Release|Any CPU.ActiveCfg = Release|Any CPU
		{79693B15-E6CD-4CFF-9865-2B1BE90CB7EC}.Release|Any CPU.Build.0 = Release|Any CPU
		{79693B15-E6CD-4CFF-9865-2B1BE90CB7EC}.Release|Any CPU.Deploy.0 = Release|Any CPU
	EndGlobalSection
	GlobalSection(SolutionProperties) = preSolution
		HideSolutionNode = FALSE
	EndGlobalSection
	GlobalSection(ExtensibilityGlobals) = postSolution
		SolutionGuid = {AE58EA48-6126-47D2-971A-225AF0356846}
	EndGlobalSection
EndGlobal
